
Microsoft Visual Studio Solution File, Format Version 12.00
# Visual Studio Version 16
VisualStudioVersion = 16.0.28803.156
MinimumVisualStudioVersion = 10.0.40219.1
Project("{FAE04EC0-301F-11D3-BF4B-00C04F79EFBC}") = "BancoTickets", "BancoTickets\BancoTickets.csproj", "{E31E1773-5D6D-4732-B894-F5488BFC4F03}"
EndProject
Global
	GlobalSection(SolutionConfigurationPlatforms) = preSolution
		Debug|Any CPU = Debug|Any CPU
		Release|Any CPU = Release|Any CPU
	EndGlobalSection
	GlobalSection(ProjectConfigurationPlatforms) = postSolution
		{E31E1773-5D6D-4732-B894-F5488BFC4F03}.Debug|Any CPU.ActiveCfg = Debug|Any CPU
		{E31E1773-5D6D-4732-B894-F5488BFC4F03}.Debug|Any CPU.Build.0 = Debug|Any CPU
		{E31E1773-5D6D-4732-B894-F5488BFC4F03}.Release|Any CPU.ActiveCfg = Release|Any CPU
		{E31E1773-5D6D-4732-B894-F5488BFC4F03}.Release|Any CPU.Build.0 = Release|Any CPU
	EndGlobalSection
	GlobalSection(SolutionProperties) = preSolution
		HideSolutionNode = FALSE
	EndGlobalSection
	GlobalSection(ExtensibilityGlobals) = postSolution
		SolutionGuid = {DC61636A-BBB7-4045-945C-D38E12AA819B}
	EndGlobalSection
EndGlobal
